// !$*UTF8*$!
{
	archiveVersion = 1;
	classes = {
	};
	objectVersion = 51;
	objects = {

/* Begin PBXBuildFile section */
		539AB2A4265C59C0D8CDAE88 /* Pods_newPangestureforSportsApp_newPangestureforSportsAppUITests.framework in Frameworks */ = {isa = PBXBuildFile; fileRef = 27F02E8D6138C9DD33C8FE46 /* Pods_newPangestureforSportsApp_newPangestureforSportsAppUITests.framework */; };
		9DDA792ED4EC58F5A2EE0A98 /* Pods_newPangestureforSportsAppTests.framework in Frameworks */ = {isa = PBXBuildFile; fileRef = 0102254929866D93B0956C15 /* Pods_newPangestureforSportsAppTests.framework */; };
		B042D2B1EB21C2F8E49B0574 /* Pods_newPangestureforSportsApp.framework in Frameworks */ = {isa = PBXBuildFile; fileRef = 621C2E5A46D882CF0C950615 /* Pods_newPangestureforSportsApp.framework */; };
		C34C0C2F24B5090500104326 /* ImageviewViewController.swift in Sources */ = {isa = PBXBuildFile; fileRef = C34C0C2E24B5090500104326 /* ImageviewViewController.swift */; };
		C37A0B7624AF6AA3000834D0 /* ImageScrollView.framework in Frameworks */ = {isa = PBXBuildFile; fileRef = C37A0B7524AF6AA3000834D0 /* ImageScrollView.framework */; };
		C3BAA36724B65D6A00974311 /* CameraStartViewController.swift in Sources */ = {isa = PBXBuildFile; fileRef = C3BAA36624B65D6A00974311 /* CameraStartViewController.swift */; };
		C3C6E39F24AC604900051EF5 /* AppDelegate.swift in Sources */ = {isa = PBXBuildFile; fileRef = C3C6E39E24AC604900051EF5 /* AppDelegate.swift */; };
		C3C6E3A124AC604900051EF5 /* SceneDelegate.swift in Sources */ = {isa = PBXBuildFile; fileRef = C3C6E3A024AC604900051EF5 /* SceneDelegate.swift */; };
		C3C6E3A324AC604900051EF5 /* ViewController.swift in Sources */ = {isa = PBXBuildFile; fileRef = C3C6E3A224AC604900051EF5 /* ViewController.swift */; };
		C3C6E3A624AC604900051EF5 /* Main.storyboard in Resources */ = {isa = PBXBuildFile; fileRef = C3C6E3A424AC604900051EF5 /* Main.storyboard */; };
		C3C6E3A824AC604A00051EF5 /* Assets.xcassets in Resources */ = {isa = PBXBuildFile; fileRef = C3C6E3A724AC604A00051EF5 /* Assets.xcassets */; };
		C3C6E3AB24AC604A00051EF5 /* LaunchScreen.storyboard in Resources */ = {isa = PBXBuildFile; fileRef = C3C6E3A924AC604A00051EF5 /* LaunchScreen.storyboard */; };
		C3C6E3B624AC604A00051EF5 /* newPangestureforSportsAppTests.swift in Sources */ = {isa = PBXBuildFile; fileRef = C3C6E3B524AC604A00051EF5 /* newPangestureforSportsAppTests.swift */; };
		C3C6E3C124AC604A00051EF5 /* newPangestureforSportsAppUITests.swift in Sources */ = {isa = PBXBuildFile; fileRef = C3C6E3C024AC604A00051EF5 /* newPangestureforSportsAppUITests.swift */; };
		C3C6E40C24AC64DA00051EF5 /* BorderView.swift in Sources */ = {isa = PBXBuildFile; fileRef = C3C6E40B24AC64DA00051EF5 /* BorderView.swift */; };
/* End PBXBuildFile section */

/* Begin PBXContainerItemProxy section */
		C3C6E3B224AC604A00051EF5 /* PBXContainerItemProxy */ = {
			isa = PBXContainerItemProxy;
			containerPortal = C3C6E39324AC604900051EF5 /* Project object */;
			proxyType = 1;
			remoteGlobalIDString = C3C6E39A24AC604900051EF5;
			remoteInfo = newPangestureforSportsApp;
		};
		C3C6E3BD24AC604A00051EF5 /* PBXContainerItemProxy */ = {
			isa = PBXContainerItemProxy;
			containerPortal = C3C6E39324AC604900051EF5 /* Project object */;
			proxyType = 1;
			remoteGlobalIDString = C3C6E39A24AC604900051EF5;
			remoteInfo = newPangestureforSportsApp;
		};
/* End PBXContainerItemProxy section */

/* Begin PBXFileReference section */
		0102254929866D93B0956C15 /* Pods_newPangestureforSportsAppTests.framework */ = {isa = PBXFileReference; explicitFileType = wrapper.framework; includeInIndex = 0; path = Pods_newPangestureforSportsAppTests.framework; sourceTree = BUILT_PRODUCTS_DIR; };
		27F02E8D6138C9DD33C8FE46 /* Pods_newPangestureforSportsApp_newPangestureforSportsAppUITests.framework */ = {isa = PBXFileReference; explicitFileType = wrapper.framework; includeInIndex = 0; path = Pods_newPangestureforSportsApp_newPangestureforSportsAppUITests.framework; sourceTree = BUILT_PRODUCTS_DIR; };
		30207FC810C373979B26DFAD /* Pods-newPangestureforSportsAppTests.release.xcconfig */ = {isa = PBXFileReference; includeInIndex = 1; lastKnownFileType = text.xcconfig; name = "Pods-newPangestureforSportsAppTests.release.xcconfig"; path = "Target Support Files/Pods-newPangestureforSportsAppTests/Pods-newPangestureforSportsAppTests.release.xcconfig"; sourceTree = "<group>"; };
		38C2C55DAF64CC3EB5F2BB8C /* Pods-newPangestureforSportsApp.release.xcconfig */ = {isa = PBXFileReference; includeInIndex = 1; lastKnownFileType = text.xcconfig; name = "Pods-newPangestureforSportsApp.release.xcconfig"; path = "Target Support Files/Pods-newPangestureforSportsApp/Pods-newPangestureforSportsApp.release.xcconfig"; sourceTree = "<group>"; };
		3BD729327EBA1190732750D6 /* Pods-newPangestureforSportsAppTests.debug.xcconfig */ = {isa = PBXFileReference; includeInIndex = 1; lastKnownFileType = text.xcconfig; name = "Pods-newPangestureforSportsAppTests.debug.xcconfig"; path = "Target Support Files/Pods-newPangestureforSportsAppTests/Pods-newPangestureforSportsAppTests.debug.xcconfig"; sourceTree = "<group>"; };
		5159DA03268180B4A3BA1BD5 /* Pods-newPangestureforSportsApp-newPangestureforSportsAppUITests.debug.xcconfig */ = {isa = PBXFileReference; includeInIndex = 1; lastKnownFileType = text.xcconfig; name = "Pods-newPangestureforSportsApp-newPangestureforSportsAppUITests.debug.xcconfig"; path = "Target Support Files/Pods-newPangestureforSportsApp-newPangestureforSportsAppUITests/Pods-newPangestureforSportsApp-newPangestureforSportsAppUITests.debug.xcconfig"; sourceTree = "<group>"; };
		621C2E5A46D882CF0C950615 /* Pods_newPangestureforSportsApp.framework */ = {isa = PBXFileReference; explicitFileType = wrapper.framework; includeInIndex = 0; path = Pods_newPangestureforSportsApp.framework; sourceTree = BUILT_PRODUCTS_DIR; };
		C25732913BD7CDAE96BBCEFE /* Pods-newPangestureforSportsApp-newPangestureforSportsAppUITests.release.xcconfig */ = {isa = PBXFileReference; includeInIndex = 1; lastKnownFileType = text.xcconfig; name = "Pods-newPangestureforSportsApp-newPangestureforSportsAppUITests.release.xcconfig"; path = "Target Support Files/Pods-newPangestureforSportsApp-newPangestureforSportsAppUITests/Pods-newPangestureforSportsApp-newPangestureforSportsAppUITests.release.xcconfig"; sourceTree = "<group>"; };
		C34C0C2E24B5090500104326 /* ImageviewViewController.swift */ = {isa = PBXFileReference; lastKnownFileType = sourcecode.swift; path = ImageviewViewController.swift; sourceTree = "<group>"; };
		C37A0B6B24AF67EA000834D0 /* ImageScrollView.framework */ = {isa = PBXFileReference; explicitFileType = wrapper.framework; path = ImageScrollView.framework; sourceTree = BUILT_PRODUCTS_DIR; };
		C37A0B6D24AF67EE000834D0 /* AKImageCropperView.framework */ = {isa = PBXFileReference; explicitFileType = wrapper.framework; path = AKImageCropperView.framework; sourceTree = BUILT_PRODUCTS_DIR; };
		C37A0B6F24AF69F7000834D0 /* ImageScrollView.framework */ = {isa = PBXFileReference; explicitFileType = wrapper.framework; path = ImageScrollView.framework; sourceTree = BUILT_PRODUCTS_DIR; };
		C37A0B7124AF6A01000834D0 /* AKImageCropperView.framework */ = {isa = PBXFileReference; explicitFileType = wrapper.framework; path = AKImageCropperView.framework; sourceTree = BUILT_PRODUCTS_DIR; };
		C37A0B7324AF6A9B000834D0 /* AKImageCropperView.framework */ = {isa = PBXFileReference; explicitFileType = wrapper.framework; path = AKImageCropperView.framework; sourceTree = BUILT_PRODUCTS_DIR; };
		C37A0B7524AF6AA3000834D0 /* ImageScrollView.framework */ = {isa = PBXFileReference; explicitFileType = wrapper.framework; path = ImageScrollView.framework; sourceTree = BUILT_PRODUCTS_DIR; };
		C3BAA36624B65D6A00974311 /* CameraStartViewController.swift */ = {isa = PBXFileReference; lastKnownFileType = sourcecode.swift; path = CameraStartViewController.swift; sourceTree = "<group>"; };
		C3C6E39B24AC604900051EF5 /* newPangestureforSportsApp.app */ = {isa = PBXFileReference; explicitFileType = wrapper.application; includeInIndex = 0; path = newPangestureforSportsApp.app; sourceTree = BUILT_PRODUCTS_DIR; };
		C3C6E39E24AC604900051EF5 /* AppDelegate.swift */ = {isa = PBXFileReference; lastKnownFileType = sourcecode.swift; path = AppDelegate.swift; sourceTree = "<group>"; };
		C3C6E3A024AC604900051EF5 /* SceneDelegate.swift */ = {isa = PBXFileReference; lastKnownFileType = sourcecode.swift; path = SceneDelegate.swift; sourceTree = "<group>"; };
		C3C6E3A224AC604900051EF5 /* ViewController.swift */ = {isa = PBXFileReference; lastKnownFileType = sourcecode.swift; path = ViewController.swift; sourceTree = "<group>"; };
		C3C6E3A524AC604900051EF5 /* Base */ = {isa = PBXFileReference; lastKnownFileType = file.storyboard; name = Base; path = Base.lproj/Main.storyboard; sourceTree = "<group>"; };
		C3C6E3A724AC604A00051EF5 /* Assets.xcassets */ = {isa = PBXFileReference; lastKnownFileType = folder.assetcatalog; path = Assets.xcassets; sourceTree = "<group>"; };
		C3C6E3AA24AC604A00051EF5 /* Base */ = {isa = PBXFileReference; lastKnownFileType = file.storyboard; name = Base; path = Base.lproj/LaunchScreen.storyboard; sourceTree = "<group>"; };
		C3C6E3AC24AC604A00051EF5 /* Info.plist */ = {isa = PBXFileReference; lastKnownFileType = text.plist.xml; path = Info.plist; sourceTree = "<group>"; };
		C3C6E3B124AC604A00051EF5 /* newPangestureforSportsAppTests.xctest */ = {isa = PBXFileReference; explicitFileType = wrapper.cfbundle; includeInIndex = 0; path = newPangestureforSportsAppTests.xctest; sourceTree = BUILT_PRODUCTS_DIR; };
		C3C6E3B524AC604A00051EF5 /* newPangestureforSportsAppTests.swift */ = {isa = PBXFileReference; lastKnownFileType = sourcecode.swift; path = newPangestureforSportsAppTests.swift; sourceTree = "<group>"; };
		C3C6E3B724AC604A00051EF5 /* Info.plist */ = {isa = PBXFileReference; lastKnownFileType = text.plist.xml; path = Info.plist; sourceTree = "<group>"; };
		C3C6E3BC24AC604A00051EF5 /* newPangestureforSportsAppUITests.xctest */ = {isa = PBXFileReference; explicitFileType = wrapper.cfbundle; includeInIndex = 0; path = newPangestureforSportsAppUITests.xctest; sourceTree = BUILT_PRODUCTS_DIR; };
		C3C6E3C024AC604A00051EF5 /* newPangestureforSportsAppUITests.swift */ = {isa = PBXFileReference; lastKnownFileType = sourcecode.swift; path = newPangestureforSportsAppUITests.swift; sourceTree = "<group>"; };
		C3C6E3C224AC604A00051EF5 /* Info.plist */ = {isa = PBXFileReference; lastKnownFileType = text.plist.xml; path = Info.plist; sourceTree = "<group>"; };
		C3C6E40B24AC64DA00051EF5 /* BorderView.swift */ = {isa = PBXFileReference; fileEncoding = 4; lastKnownFileType = sourcecode.swift; path = BorderView.swift; sourceTree = "<group>"; };
		EBB22B003C55EF5A069CCFD3 /* Pods-newPangestureforSportsApp.debug.xcconfig */ = {isa = PBXFileReference; includeInIndex = 1; lastKnownFileType = text.xcconfig; name = "Pods-newPangestureforSportsApp.debug.xcconfig"; path = "Target Support Files/Pods-newPangestureforSportsApp/Pods-newPangestureforSportsApp.debug.xcconfig"; sourceTree = "<group>"; };
/* End PBXFileReference section */

/* Begin PBXFrameworksBuildPhase section */
		C3C6E39824AC604900051EF5 /* Frameworks */ = {
			isa = PBXFrameworksBuildPhase;
			buildActionMask = 2147483647;
			files = (
				C37A0B7624AF6AA3000834D0 /* ImageScrollView.framework in Frameworks */,
				B042D2B1EB21C2F8E49B0574 /* Pods_newPangestureforSportsApp.framework in Frameworks */,
			);
			runOnlyForDeploymentPostprocessing = 0;
		};
		C3C6E3AE24AC604A00051EF5 /* Frameworks */ = {
			isa = PBXFrameworksBuildPhase;
			buildActionMask = 2147483647;
			files = (
				9DDA792ED4EC58F5A2EE0A98 /* Pods_newPangestureforSportsAppTests.framework in Frameworks */,
			);
			runOnlyForDeploymentPostprocessing = 0;
		};
		C3C6E3B924AC604A00051EF5 /* Frameworks */ = {
			isa = PBXFrameworksBuildPhase;
			buildActionMask = 2147483647;
			files = (
				539AB2A4265C59C0D8CDAE88 /* Pods_newPangestureforSportsApp_newPangestureforSportsAppUITests.framework in Frameworks */,
			);
			runOnlyForDeploymentPostprocessing = 0;
		};
/* End PBXFrameworksBuildPhase section */

/* Begin PBXGroup section */
		6AD79CAE7C05DB6CBB25E018 /* Pods */ = {
			isa = PBXGroup;
			children = (
				EBB22B003C55EF5A069CCFD3 /* Pods-newPangestureforSportsApp.debug.xcconfig */,
				38C2C55DAF64CC3EB5F2BB8C /* Pods-newPangestureforSportsApp.release.xcconfig */,
				5159DA03268180B4A3BA1BD5 /* Pods-newPangestureforSportsApp-newPangestureforSportsAppUITests.debug.xcconfig */,
				C25732913BD7CDAE96BBCEFE /* Pods-newPangestureforSportsApp-newPangestureforSportsAppUITests.release.xcconfig */,
				3BD729327EBA1190732750D6 /* Pods-newPangestureforSportsAppTests.debug.xcconfig */,
				30207FC810C373979B26DFAD /* Pods-newPangestureforSportsAppTests.release.xcconfig */,
			);
			path = Pods;
			sourceTree = "<group>";
		};
		C3C6E39224AC604900051EF5 = {
			isa = PBXGroup;
			children = (
				C3C6E39D24AC604900051EF5 /* newPangestureforSportsApp */,
				C3C6E3B424AC604A00051EF5 /* newPangestureforSportsAppTests */,
				C3C6E3BF24AC604A00051EF5 /* newPangestureforSportsAppUITests */,
				C3C6E39C24AC604900051EF5 /* Products */,
				6AD79CAE7C05DB6CBB25E018 /* Pods */,
				E5E8C1F6E25B990B3B5551C5 /* Frameworks */,
			);
			sourceTree = "<group>";
		};
		C3C6E39C24AC604900051EF5 /* Products */ = {
			isa = PBXGroup;
			children = (
				C3C6E39B24AC604900051EF5 /* newPangestureforSportsApp.app */,
				C3C6E3B124AC604A00051EF5 /* newPangestureforSportsAppTests.xctest */,
				C3C6E3BC24AC604A00051EF5 /* newPangestureforSportsAppUITests.xctest */,
			);
			name = Products;
			sourceTree = "<group>";
		};
		C3C6E39D24AC604900051EF5 /* newPangestureforSportsApp */ = {
			isa = PBXGroup;
			children = (
				C3C6E40A24AC64B400051EF5 /* Model */,
				C3C6E39E24AC604900051EF5 /* AppDelegate.swift */,
				C3C6E3A024AC604900051EF5 /* SceneDelegate.swift */,
				C3C6E3A224AC604900051EF5 /* ViewController.swift */,
				C3C6E3A424AC604900051EF5 /* Main.storyboard */,
				C3C6E3A724AC604A00051EF5 /* Assets.xcassets */,
				C3C6E3A924AC604A00051EF5 /* LaunchScreen.storyboard */,
				C3C6E3AC24AC604A00051EF5 /* Info.plist */,
				C34C0C2E24B5090500104326 /* ImageviewViewController.swift */,
				C3BAA36624B65D6A00974311 /* CameraStartViewController.swift */,
			);
			path = newPangestureforSportsApp;
			sourceTree = "<group>";
		};
		C3C6E3B424AC604A00051EF5 /* newPangestureforSportsAppTests */ = {
			isa = PBXGroup;
			children = (
				C3C6E3B524AC604A00051EF5 /* newPangestureforSportsAppTests.swift */,
				C3C6E3B724AC604A00051EF5 /* Info.plist */,
			);
			path = newPangestureforSportsAppTests;
			sourceTree = "<group>";
		};
		C3C6E3BF24AC604A00051EF5 /* newPangestureforSportsAppUITests */ = {
			isa = PBXGroup;
			children = (
				C3C6E3C024AC604A00051EF5 /* newPangestureforSportsAppUITests.swift */,
				C3C6E3C224AC604A00051EF5 /* Info.plist */,
			);
			path = newPangestureforSportsAppUITests;
			sourceTree = "<group>";
		};
		C3C6E40A24AC64B400051EF5 /* Model */ = {
			isa = PBXGroup;
			children = (
				C3C6E40B24AC64DA00051EF5 /* BorderView.swift */,
			);
			path = Model;
			sourceTree = "<group>";
		};
		E5E8C1F6E25B990B3B5551C5 /* Frameworks */ = {
			isa = PBXGroup;
			children = (
				C37A0B7524AF6AA3000834D0 /* ImageScrollView.framework */,
				C37A0B7324AF6A9B000834D0 /* AKImageCropperView.framework */,
				C37A0B7124AF6A01000834D0 /* AKImageCropperView.framework */,
				C37A0B6F24AF69F7000834D0 /* ImageScrollView.framework */,
				C37A0B6D24AF67EE000834D0 /* AKImageCropperView.framework */,
				C37A0B6B24AF67EA000834D0 /* ImageScrollView.framework */,
				621C2E5A46D882CF0C950615 /* Pods_newPangestureforSportsApp.framework */,
				27F02E8D6138C9DD33C8FE46 /* Pods_newPangestureforSportsApp_newPangestureforSportsAppUITests.framework */,
				0102254929866D93B0956C15 /* Pods_newPangestureforSportsAppTests.framework */,
			);
			name = Frameworks;
			sourceTree = "<group>";
		};
/* End PBXGroup section */

/* Begin PBXNativeTarget section */
		C3C6E39A24AC604900051EF5 /* newPangestureforSportsApp */ = {
			isa = PBXNativeTarget;
			buildConfigurationList = C3C6E3C524AC604A00051EF5 /* Build configuration list for PBXNativeTarget "newPangestureforSportsApp" */;
			buildPhases = (
				306AA878DCAEC6EA630784BF /* [CP] Check Pods Manifest.lock */,
				C3C6E39724AC604900051EF5 /* Sources */,
				C3C6E39824AC604900051EF5 /* Frameworks */,
				C3C6E39924AC604900051EF5 /* Resources */,
				90DAD054E66FE6A1A1856DBF /* [CP] Embed Pods Frameworks */,
			);
			buildRules = (
			);
			dependencies = (
			);
			name = newPangestureforSportsApp;
			productName = newPangestureforSportsApp;
			productReference = C3C6E39B24AC604900051EF5 /* newPangestureforSportsApp.app */;
			productType = "com.apple.product-type.application";
		};
		C3C6E3B024AC604A00051EF5 /* newPangestureforSportsAppTests */ = {
			isa = PBXNativeTarget;
			buildConfigurationList = C3C6E3C824AC604A00051EF5 /* Build configuration list for PBXNativeTarget "newPangestureforSportsAppTests" */;
			buildPhases = (
				13A222EDCE55CBCA9CFA3ABC /* [CP] Check Pods Manifest.lock */,
				C3C6E3AD24AC604A00051EF5 /* Sources */,
				C3C6E3AE24AC604A00051EF5 /* Frameworks */,
				C3C6E3AF24AC604A00051EF5 /* Resources */,
			);
			buildRules = (
			);
			dependencies = (
				C3C6E3B324AC604A00051EF5 /* PBXTargetDependency */,
			);
			name = newPangestureforSportsAppTests;
			productName = newPangestureforSportsAppTests;
			productReference = C3C6E3B124AC604A00051EF5 /* newPangestureforSportsAppTests.xctest */;
			productType = "com.apple.product-type.bundle.unit-test";
		};
		C3C6E3BB24AC604A00051EF5 /* newPangestureforSportsAppUITests */ = {
			isa = PBXNativeTarget;
			buildConfigurationList = C3C6E3CB24AC604A00051EF5 /* Build configuration list for PBXNativeTarget "newPangestureforSportsAppUITests" */;
			buildPhases = (
				81F41EF83794D5454C913E49 /* [CP] Check Pods Manifest.lock */,
				C3C6E3B824AC604A00051EF5 /* Sources */,
				C3C6E3B924AC604A00051EF5 /* Frameworks */,
				C3C6E3BA24AC604A00051EF5 /* Resources */,
				941FB7C347B8BDA16BEC2A3C /* [CP] Embed Pods Frameworks */,
			);
			buildRules = (
			);
			dependencies = (
				C3C6E3BE24AC604A00051EF5 /* PBXTargetDependency */,
			);
			name = newPangestureforSportsAppUITests;
			productName = newPangestureforSportsAppUITests;
			productReference = C3C6E3BC24AC604A00051EF5 /* newPangestureforSportsAppUITests.xctest */;
			productType = "com.apple.product-type.bundle.ui-testing";
		};
/* End PBXNativeTarget section */

/* Begin PBXProject section */
		C3C6E39324AC604900051EF5 /* Project object */ = {
			isa = PBXProject;
			attributes = {
				LastSwiftUpdateCheck = 1150;
				LastUpgradeCheck = 1150;
				ORGANIZATIONNAME = "iMac superpower";
				TargetAttributes = {
					C3C6E39A24AC604900051EF5 = {
						CreatedOnToolsVersion = 11.5;
					};
					C3C6E3B024AC604A00051EF5 = {
						CreatedOnToolsVersion = 11.5;
						TestTargetID = C3C6E39A24AC604900051EF5;
					};
					C3C6E3BB24AC604A00051EF5 = {
						CreatedOnToolsVersion = 11.5;
						TestTargetID = C3C6E39A24AC604900051EF5;
					};
				};
			};
			buildConfigurationList = C3C6E39624AC604900051EF5 /* Build configuration list for PBXProject "newPangestureforSportsApp" */;
			compatibilityVersion = "Xcode 9.3";
			developmentRegion = en;
			hasScannedForEncodings = 0;
			knownRegions = (
				en,
				Base,
			);
			mainGroup = C3C6E39224AC604900051EF5;
			productRefGroup = C3C6E39C24AC604900051EF5 /* Products */;
			projectDirPath = "";
			projectRoot = "";
			targets = (
				C3C6E39A24AC604900051EF5 /* newPangestureforSportsApp */,
				C3C6E3B024AC604A00051EF5 /* newPangestureforSportsAppTests */,
				C3C6E3BB24AC604A00051EF5 /* newPangestureforSportsAppUITests */,
			);
		};
/* End PBXProject section */

/* Begin PBXResourcesBuildPhase section */
		C3C6E39924AC604900051EF5 /* Resources */ = {
			isa = PBXResourcesBuildPhase;
			buildActionMask = 2147483647;
			files = (
				C3C6E3AB24AC604A00051EF5 /* LaunchScreen.storyboard in Resources */,
				C3C6E3A824AC604A00051EF5 /* Assets.xcassets in Resources */,
				C3C6E3A624AC604900051EF5 /* Main.storyboard in Resources */,
			);
			runOnlyForDeploymentPostprocessing = 0;
		};
		C3C6E3AF24AC604A00051EF5 /* Resources */ = {
			isa = PBXResourcesBuildPhase;
			buildActionMask = 2147483647;
			files = (
			);
			runOnlyForDeploymentPostprocessing = 0;
		};
		C3C6E3BA24AC604A00051EF5 /* Resources */ = {
			isa = PBXResourcesBuildPhase;
			buildActionMask = 2147483647;
			files = (
			);
			runOnlyForDeploymentPostprocessing = 0;
		};
/* End PBXResourcesBuildPhase section */

/* Begin PBXShellScriptBuildPhase section */
		13A222EDCE55CBCA9CFA3ABC /* [CP] Check Pods Manifest.lock */ = {
			isa = PBXShellScriptBuildPhase;
			buildActionMask = 2147483647;
			files = (
			);
			inputFileListPaths = (
			);
			inputPaths = (
				"${PODS_PODFILE_DIR_PATH}/Podfile.lock",
				"${PODS_ROOT}/Manifest.lock",
			);
			name = "[CP] Check Pods Manifest.lock";
			outputFileListPaths = (
			);
			outputPaths = (
				"$(DERIVED_FILE_DIR)/Pods-newPangestureforSportsAppTests-checkManifestLockResult.txt",
			);
			runOnlyForDeploymentPostprocessing = 0;
			shellPath = /bin/sh;
			shellScript = "diff \"${PODS_PODFILE_DIR_PATH}/Podfile.lock\" \"${PODS_ROOT}/Manifest.lock\" > /dev/null\nif [ $? != 0 ] ; then\n    # print error to STDERR\n    echo \"error: The sandbox is not in sync with the Podfile.lock. Run 'pod install' or update your CocoaPods installation.\" >&2\n    exit 1\nfi\n# This output is used by Xcode 'outputs' to avoid re-running this script phase.\necho \"SUCCESS\" > \"${SCRIPT_OUTPUT_FILE_0}\"\n";
			showEnvVarsInLog = 0;
		};
		306AA878DCAEC6EA630784BF /* [CP] Check Pods Manifest.lock */ = {
			isa = PBXShellScriptBuildPhase;
			buildActionMask = 2147483647;
			files = (
			);
			inputFileListPaths = (
			);
			inputPaths = (
				"${PODS_PODFILE_DIR_PATH}/Podfile.lock",
				"${PODS_ROOT}/Manifest.lock",
			);
			name = "[CP] Check Pods Manifest.lock";
			outputFileListPaths = (
			);
			outputPaths = (
				"$(DERIVED_FILE_DIR)/Pods-newPangestureforSportsApp-checkManifestLockResult.txt",
			);
			runOnlyForDeploymentPostprocessing = 0;
			shellPath = /bin/sh;
			shellScript = "diff \"${PODS_PODFILE_DIR_PATH}/Podfile.lock\" \"${PODS_ROOT}/Manifest.lock\" > /dev/null\nif [ $? != 0 ] ; then\n    # print error to STDERR\n    echo \"error: The sandbox is not in sync with the Podfile.lock. Run 'pod install' or update your CocoaPods installation.\" >&2\n    exit 1\nfi\n# This output is used by Xcode 'outputs' to avoid re-running this script phase.\necho \"SUCCESS\" > \"${SCRIPT_OUTPUT_FILE_0}\"\n";
			showEnvVarsInLog = 0;
		};
		81F41EF83794D5454C913E49 /* [CP] Check Pods Manifest.lock */ = {
			isa = PBXShellScriptBuildPhase;
			buildActionMask = 2147483647;
			files = (
			);
			inputFileListPaths = (
			);
			inputPaths = (
				"${PODS_PODFILE_DIR_PATH}/Podfile.lock",
				"${PODS_ROOT}/Manifest.lock",
			);
			name = "[CP] Check Pods Manifest.lock";
			outputFileListPaths = (
			);
			outputPaths = (
				"$(DERIVED_FILE_DIR)/Pods-newPangestureforSportsApp-newPangestureforSportsAppUITests-checkManifestLockResult.txt",
			);
			runOnlyForDeploymentPostprocessing = 0;
			shellPath = /bin/sh;
			shellScript = "diff \"${PODS_PODFILE_DIR_PATH}/Podfile.lock\" \"${PODS_ROOT}/Manifest.lock\" > /dev/null\nif [ $? != 0 ] ; then\n    # print error to STDERR\n    echo \"error: The sandbox is not in sync with the Podfile.lock. Run 'pod install' or update your CocoaPods installation.\" >&2\n    exit 1\nfi\n# This output is used by Xcode 'outputs' to avoid re-running this script phase.\necho \"SUCCESS\" > \"${SCRIPT_OUTPUT_FILE_0}\"\n";
			showEnvVarsInLog = 0;
		};
		90DAD054E66FE6A1A1856DBF /* [CP] Embed Pods Frameworks */ = {
			isa = PBXShellScriptBuildPhase;
			buildActionMask = 2147483647;
			files = (
			);
			inputFileListPaths = (
				"${PODS_ROOT}/Target Support Files/Pods-newPangestureforSportsApp/Pods-newPangestureforSportsApp-frameworks-${CONFIGURATION}-input-files.xcfilelist",
			);
			name = "[CP] Embed Pods Frameworks";
			outputFileListPaths = (
				"${PODS_ROOT}/Target Support Files/Pods-newPangestureforSportsApp/Pods-newPangestureforSportsApp-frameworks-${CONFIGURATION}-output-files.xcfilelist",
			);
			runOnlyForDeploymentPostprocessing = 0;
			shellPath = /bin/sh;
			shellScript = "\"${PODS_ROOT}/Target Support Files/Pods-newPangestureforSportsApp/Pods-newPangestureforSportsApp-frameworks.sh\"\n";
			showEnvVarsInLog = 0;
		};
		941FB7C347B8BDA16BEC2A3C /* [CP] Embed Pods Frameworks */ = {
			isa = PBXShellScriptBuildPhase;
			buildActionMask = 2147483647;
			files = (
			);
			inputFileListPaths = (
				"${PODS_ROOT}/Target Support Files/Pods-newPangestureforSportsApp-newPangestureforSportsAppUITests/Pods-newPangestureforSportsApp-newPangestureforSportsAppUITests-frameworks-${CONFIGURATION}-input-files.xcfilelist",
			);
			name = "[CP] Embed Pods Frameworks";
			outputFileListPaths = (
				"${PODS_ROOT}/Target Support Files/Pods-newPangestureforSportsApp-newPangestureforSportsAppUITests/Pods-newPangestureforSportsApp-newPangestureforSportsAppUITests-frameworks-${CONFIGURATION}-output-files.xcfilelist",
			);
			runOnlyForDeploymentPostprocessing = 0;
			shellPath = /bin/sh;
			shellScript = "\"${PODS_ROOT}/Target Support Files/Pods-newPangestureforSportsApp-newPangestureforSportsAppUITests/Pods-newPangestureforSportsApp-newPangestureforSportsAppUITests-frameworks.sh\"\n";
			showEnvVarsInLog = 0;
		};
/* End PBXShellScriptBuildPhase section */

/* Begin PBXSourcesBuildPhase section */
		C3C6E39724AC604900051EF5 /* Sources */ = {
			isa = PBXSourcesBuildPhase;
			buildActionMask = 2147483647;
			files = (
				C34C0C2F24B5090500104326 /* ImageviewViewController.swift in Sources */,
				C3C6E40C24AC64DA00051EF5 /* BorderView.swift in Sources */,
				C3C6E3A324AC604900051EF5 /* ViewController.swift in Sources */,
				C3C6E39F24AC604900051EF5 /* AppDelegate.swift in Sources */,
				C3BAA36724B65D6A00974311 /* CameraStartViewController.swift in Sources */,
				C3C6E3A124AC604900051EF5 /* SceneDelegate.swift in Sources */,
			);
			runOnlyForDeploymentPostprocessing = 0;
		};
		C3C6E3AD24AC604A00051EF5 /* Sources */ = {
			isa = PBXSourcesBuildPhase;
			buildActionMask = 2147483647;
			files = (
				C3C6E3B624AC604A00051EF5 /* newPangestureforSportsAppTests.swift in Sources */,
			);
			runOnlyForDeploymentPostprocessing = 0;
		};
		C3C6E3B824AC604A00051EF5 /* Sources */ = {
			isa = PBXSourcesBuildPhase;
			buildActionMask = 2147483647;
			files = (
				C3C6E3C124AC604A00051EF5 /* newPangestureforSportsAppUITests.swift in Sources */,
			);
			runOnlyForDeploymentPostprocessing = 0;
		};
/* End PBXSourcesBuildPhase section */

/* Begin PBXTargetDependency section */
		C3C6E3B324AC604A00051EF5 /* PBXTargetDependency */ = {
			isa = PBXTargetDependency;
			target = C3C6E39A24AC604900051EF5 /* newPangestureforSportsApp */;
			targetProxy = C3C6E3B224AC604A00051EF5 /* PBXContainerItemProxy */;
		};
		C3C6E3BE24AC604A00051EF5 /* PBXTargetDependency */ = {
			isa = PBXTargetDependency;
			target = C3C6E39A24AC604900051EF5 /* newPangestureforSportsApp */;
			targetProxy = C3C6E3BD24AC604A00051EF5 /* PBXContainerItemProxy */;
		};
/* End PBXTargetDependency section */

/* Begin PBXVariantGroup section */
		C3C6E3A424AC604900051EF5 /* Main.storyboard */ = {
			isa = PBXVariantGroup;
			children = (
				C3C6E3A524AC604900051EF5 /* Base */,
			);
			name = Main.storyboard;
			sourceTree = "<group>";
		};
		C3C6E3A924AC604A00051EF5 /* LaunchScreen.storyboard */ = {
			isa = PBXVariantGroup;
			children = (
				C3C6E3AA24AC604A00051EF5 /* Base */,
			);
			name = LaunchScreen.storyboard;
			sourceTree = "<group>";
		};
/* End PBXVariantGroup section */

/* Begin XCBuildConfiguration section */
		C3C6E3C324AC604A00051EF5 /* Debug */ = {
			isa = XCBuildConfiguration;
			buildSettings = {
				ALWAYS_SEARCH_USER_PATHS = NO;
				CLANG_ANALYZER_NONNULL = YES;
				CLANG_ANALYZER_NUMBER_OBJECT_CONVERSION = YES_AGGRESSIVE;
				CLANG_CXX_LANGUAGE_STANDARD = "gnu++14";
				CLANG_CXX_LIBRARY = "libc++";
				CLANG_ENABLE_MODULES = YES;
				CLANG_ENABLE_OBJC_ARC = YES;
				CLANG_ENABLE_OBJC_WEAK = YES;
				CLANG_WARN_BLOCK_CAPTURE_AUTORELEASING = YES;
				CLANG_WARN_BOOL_CONVERSION = YES;
				CLANG_WARN_COMMA = YES;
				CLANG_WARN_CONSTANT_CONVERSION = YES;
				CLANG_WARN_DEPRECATED_OBJC_IMPLEMENTATIONS = YES;
				CLANG_WARN_DIRECT_OBJC_ISA_USAGE = YES_ERROR;
				CLANG_WARN_DOCUMENTATION_COMMENTS = YES;
				CLANG_WARN_EMPTY_BODY = YES;
				CLANG_WARN_ENUM_CONVERSION = YES;
				CLANG_WARN_INFINITE_RECURSION = YES;
				CLANG_WARN_INT_CONVERSION = YES;
				CLANG_WARN_NON_LITERAL_NULL_CONVERSION = YES;
				CLANG_WARN_OBJC_IMPLICIT_RETAIN_SELF = YES;
				CLANG_WARN_OBJC_LITERAL_CONVERSION = YES;
				CLANG_WARN_OBJC_ROOT_CLASS = YES_ERROR;
				CLANG_WARN_RANGE_LOOP_ANALYSIS = YES;
				CLANG_WARN_STRICT_PROTOTYPES = YES;
				CLANG_WARN_SUSPICIOUS_MOVE = YES;
				CLANG_WARN_UNGUARDED_AVAILABILITY = YES_AGGRESSIVE;
				CLANG_WARN_UNREACHABLE_CODE = YES;
				CLANG_WARN__DUPLICATE_METHOD_MATCH = YES;
				COPY_PHASE_STRIP = NO;
				DEBUG_INFORMATION_FORMAT = dwarf;
				ENABLE_STRICT_OBJC_MSGSEND = YES;
				ENABLE_TESTABILITY = YES;
				GCC_C_LANGUAGE_STANDARD = gnu11;
				GCC_DYNAMIC_NO_PIC = NO;
				GCC_NO_COMMON_BLOCKS = YES;
				GCC_OPTIMIZATION_LEVEL = 0;
				GCC_PREPROCESSOR_DEFINITIONS = (
					"DEBUG=1",
					"$(inherited)",
				);
				GCC_WARN_64_TO_32_BIT_CONVERSION = YES;
				GCC_WARN_ABOUT_RETURN_TYPE = YES_ERROR;
				GCC_WARN_UNDECLARED_SELECTOR = YES;
				GCC_WARN_UNINITIALIZED_AUTOS = YES_AGGRESSIVE;
				GCC_WARN_UNUSED_FUNCTION = YES;
				GCC_WARN_UNUSED_VARIABLE = YES;
				IPHONEOS_DEPLOYMENT_TARGET = 13.5;
				MTL_ENABLE_DEBUG_INFO = INCLUDE_SOURCE;
				MTL_FAST_MATH = YES;
				ONLY_ACTIVE_ARCH = YES;
				SDKROOT = iphoneos;
				SWIFT_ACTIVE_COMPILATION_CONDITIONS = DEBUG;
				SWIFT_OPTIMIZATION_LEVEL = "-Onone";
			};
			name = Debug;
		};
		C3C6E3C424AC604A00051EF5 /* Release */ = {
			isa = XCBuildConfiguration;
			buildSettings = {
				ALWAYS_SEARCH_USER_PATHS = NO;
				CLANG_ANALYZER_NONNULL = YES;
				CLANG_ANALYZER_NUMBER_OBJECT_CONVERSION = YES_AGGRESSIVE;
				CLANG_CXX_LANGUAGE_STANDARD = "gnu++14";
				CLANG_CXX_LIBRARY = "libc++";
				CLANG_ENABLE_MODULES = YES;
				CLANG_ENABLE_OBJC_ARC = YES;
				CLANG_ENABLE_OBJC_WEAK = YES;
				CLANG_WARN_BLOCK_CAPTURE_AUTORELEASING = YES;
				CLANG_WARN_BOOL_CONVERSION = YES;
				CLANG_WARN_COMMA = YES;
				CLANG_WARN_CONSTANT_CONVERSION = YES;
				CLANG_WARN_DEPRECATED_OBJC_IMPLEMENTATIONS = YES;
				CLANG_WARN_DIRECT_OBJC_ISA_USAGE = YES_ERROR;
				CLANG_WARN_DOCUMENTATION_COMMENTS = YES;
				CLANG_WARN_EMPTY_BODY = YES;
				CLANG_WARN_ENUM_CONVERSION = YES;
				CLANG_WARN_INFINITE_RECURSION = YES;
				CLANG_WARN_INT_CONVERSION = YES;
				CLANG_WARN_NON_LITERAL_NULL_CONVERSION = YES;
				CLANG_WARN_OBJC_IMPLICIT_RETAIN_SELF = YES;
				CLANG_WARN_OBJC_LITERAL_CONVERSION = YES;
				CLANG_WARN_OBJC_ROOT_CLASS = YES_ERROR;
				CLANG_WARN_RANGE_LOOP_ANALYSIS = YES;
				CLANG_WARN_STRICT_PROTOTYPES = YES;
				CLANG_WARN_SUSPICIOUS_MOVE = YES;
				CLANG_WARN_UNGUARDED_AVAILABILITY = YES_AGGRESSIVE;
				CLANG_WARN_UNREACHABLE_CODE = YES;
				CLANG_WARN__DUPLICATE_METHOD_MATCH = YES;
				COPY_PHASE_STRIP = NO;
				DEBUG_INFORMATION_FORMAT = "dwarf-with-dsym";
				ENABLE_NS_ASSERTIONS = NO;
				ENABLE_STRICT_OBJC_MSGSEND = YES;
				GCC_C_LANGUAGE_STANDARD = gnu11;
				GCC_NO_COMMON_BLOCKS = YES;
				GCC_WARN_64_TO_32_BIT_CONVERSION = YES;
				GCC_WARN_ABOUT_RETURN_TYPE = YES_ERROR;
				GCC_WARN_UNDECLARED_SELECTOR = YES;
				GCC_WARN_UNINITIALIZED_AUTOS = YES_AGGRESSIVE;
				GCC_WARN_UNUSED_FUNCTION = YES;
				GCC_WARN_UNUSED_VARIABLE = YES;
				IPHONEOS_DEPLOYMENT_TARGET = 13.5;
				MTL_ENABLE_DEBUG_INFO = NO;
				MTL_FAST_MATH = YES;
				SDKROOT = iphoneos;
				SWIFT_COMPILATION_MODE = wholemodule;
				SWIFT_OPTIMIZATION_LEVEL = "-O";
				VALIDATE_PRODUCT = YES;
			};
			name = Release;
		};
		C3C6E3C624AC604A00051EF5 /* Debug */ = {
			isa = XCBuildConfiguration;
			baseConfigurationReference = EBB22B003C55EF5A069CCFD3 /* Pods-newPangestureforSportsApp.debug.xcconfig */;
			buildSettings = {
				ASSETCATALOG_COMPILER_APPICON_NAME = AppIcon;
				CODE_SIGN_STYLE = Automatic;
				DEVELOPMENT_TEAM = XSJRRDKMW9;
				INFOPLIST_FILE = newPangestureforSportsApp/Info.plist;
				LD_RUNPATH_SEARCH_PATHS = (
					"$(inherited)",
					"@executable_path/Frameworks",
				);
				PRODUCT_BUNDLE_IDENTIFIER = com.CZ.Sportscard.newPangestureforSportsApp;
				PRODUCT_NAME = "$(TARGET_NAME)";
				SWIFT_VERSION = 5.0;
				TARGETED_DEVICE_FAMILY = "1,2";
			};
			name = Debug;
		};
		C3C6E3C724AC604A00051EF5 /* Release */ = {
			isa = XCBuildConfiguration;
			baseConfigurationReference = 38C2C55DAF64CC3EB5F2BB8C /* Pods-newPangestureforSportsApp.release.xcconfig */;
			buildSettings = {
				ASSETCATALOG_COMPILER_APPICON_NAME = AppIcon;
				CODE_SIGN_STYLE = Automatic;
				DEVELOPMENT_TEAM = XSJRRDKMW9;
				INFOPLIST_FILE = newPangestureforSportsApp/Info.plist;
				LD_RUNPATH_SEARCH_PATHS = (
					"$(inherited)",
					"@executable_path/Frameworks",
				);
				PRODUCT_BUNDLE_IDENTIFIER = com.CZ.Sportscard.newPangestureforSportsApp;
				PRODUCT_NAME = "$(TARGET_NAME)";
				SWIFT_VERSION = 5.0;
				TARGETED_DEVICE_FAMILY = "1,2";
			};
			name = Release;
		};
		C3C6E3C924AC604A00051EF5 /* Debug */ = {
			isa = XCBuildConfiguration;
			baseConfigurationReference = 3BD729327EBA1190732750D6 /* Pods-newPangestureforSportsAppTests.debug.xcconfig */;
			buildSettings = {
				ALWAYS_EMBED_SWIFT_STANDARD_LIBRARIES = YES;
				BUNDLE_LOADER = "$(TEST_HOST)";
				CODE_SIGN_STYLE = Automatic;
				INFOPLIST_FILE = newPangestureforSportsAppTests/Info.plist;
				IPHONEOS_DEPLOYMENT_TARGET = 13.5;
				LD_RUNPATH_SEARCH_PATHS = (
					"$(inherited)",
					"@executable_path/Frameworks",
					"@loader_path/Frameworks",
				);
				PRODUCT_BUNDLE_IDENTIFIER = com.CZ.Sportscard.newPangestureforSportsAppTests;
				PRODUCT_NAME = "$(TARGET_NAME)";
				SWIFT_VERSION = 5.0;
				TARGETED_DEVICE_FAMILY = "1,2";
				TEST_HOST = "$(BUILT_PRODUCTS_DIR)/newPangestureforSportsApp.app/newPangestureforSportsApp";
			};
			name = Debug;
		};
		C3C6E3CA24AC604A00051EF5 /* Release */ = {
			isa = XCBuildConfiguration;
			baseConfigurationReference = 30207FC810C373979B26DFAD /* Pods-newPangestureforSportsAppTests.release.xcconfig */;
			buildSettings = {
				ALWAYS_EMBED_SWIFT_STANDARD_LIBRARIES = YES;
				BUNDLE_LOADER = "$(TEST_HOST)";
				CODE_SIGN_STYLE = Automatic;
				INFOPLIST_FILE = newPangestureforSportsAppTests/Info.plist;
				IPHONEOS_DEPLOYMENT_TARGET = 13.5;
				LD_RUNPATH_SEARCH_PATHS = (
					"$(inherited)",
					"@executable_path/Frameworks",
					"@loader_path/Frameworks",
				);
				PRODUCT_BUNDLE_IDENTIFIER = com.CZ.Sportscard.newPangestureforSportsAppTests;
				PRODUCT_NAME = "$(TARGET_NAME)";
				SWIFT_VERSION = 5.0;
				TARGETED_DEVICE_FAMILY = "1,2";
				TEST_HOST = "$(BUILT_PRODUCTS_DIR)/newPangestureforSportsApp.app/newPangestureforSportsApp";
			};
			name = Release;
		};
		C3C6E3CC24AC604A00051EF5 /* Debug */ = {
			isa = XCBuildConfiguration;
			baseConfigurationReference = 5159DA03268180B4A3BA1BD5 /* Pods-newPangestureforSportsApp-newPangestureforSportsAppUITests.debug.xcconfig */;
			buildSettings = {
				ALWAYS_EMBED_SWIFT_STANDARD_LIBRARIES = YES;
				CODE_SIGN_STYLE = Automatic;
				INFOPLIST_FILE = newPangestureforSportsAppUITests/Info.plist;
				LD_RUNPATH_SEARCH_PATHS = (
					"$(inherited)",
					"@executable_path/Frameworks",
					"@loader_path/Frameworks",
				);
				PRODUCT_BUNDLE_IDENTIFIER = com.CZ.Sportscard.newPangestureforSportsAppUITests;
				PRODUCT_NAME = "$(TARGET_NAME)";
				SWIFT_VERSION = 5.0;
				TARGETED_DEVICE_FAMILY = "1,2";
				TEST_TARGET_NAME = newPangestureforSportsApp;
			};
			name = Debug;
		};
		C3C6E3CD24AC604A00051EF5 /* Release */ = {
			isa = XCBuildConfiguration;
			baseConfigurationReference = C25732913BD7CDAE96BBCEFE /* Pods-newPangestureforSportsApp-newPangestureforSportsAppUITests.release.xcconfig */;
			buildSettings = {
				ALWAYS_EMBED_SWIFT_STANDARD_LIBRARIES = YES;
				CODE_SIGN_STYLE = Automatic;
				INFOPLIST_FILE = newPangestureforSportsAppUITests/Info.plist;
				LD_RUNPATH_SEARCH_PATHS = (
					"$(inherited)",
					"@executable_path/Frameworks",
					"@loader_path/Frameworks",
				);
				PRODUCT_BUNDLE_IDENTIFIER = com.CZ.Sportscard.newPangestureforSportsAppUITests;
				PRODUCT_NAME = "$(TARGET_NAME)";
				SWIFT_VERSION = 5.0;
				TARGETED_DEVICE_FAMILY = "1,2";
				TEST_TARGET_NAME = newPangestureforSportsApp;
			};
			name = Release;
		};
/* End XCBuildConfiguration section */

/* Begin XCConfigurationList section */
		C3C6E39624AC604900051EF5 /* Build configuration list for PBXProject "newPangestureforSportsApp" */ = {
			isa = XCConfigurationList;
			buildConfigurations = (
				C3C6E3C324AC604A00051EF5 /* Debug */,
				C3C6E3C424AC604A00051EF5 /* Release */,
			);
			defaultConfigurationIsVisible = 0;
			defaultConfigurationName = Release;
		};
		C3C6E3C524AC604A00051EF5 /* Build configuration list for PBXNativeTarget "newPangestureforSportsApp" */ = {
			isa = XCConfigurationList;
			buildConfigurations = (
				C3C6E3C624AC604A00051EF5 /* Debug */,
				C3C6E3C724AC604A00051EF5 /* Release */,
			);
			defaultConfigurationIsVisible = 0;
			defaultConfigurationName = Release;
		};
		C3C6E3C824AC604A00051EF5 /* Build configuration list for PBXNativeTarget "newPangestureforSportsAppTests" */ = {
			isa = XCConfigurationList;
			buildConfigurations = (
				C3C6E3C924AC604A00051EF5 /* Debug */,
				C3C6E3CA24AC604A00051EF5 /* Release */,
			);
			defaultConfigurationIsVisible = 0;
			defaultConfigurationName = Release;
		};
		C3C6E3CB24AC604A00051EF5 /* Build configuration list for PBXNativeTarget "newPangestureforSportsAppUITests" */ = {
			isa = XCConfigurationList;
			buildConfigurations = (
				C3C6E3CC24AC604A00051EF5 /* Debug */,
				C3C6E3CD24AC604A00051EF5 /* Release */,
			);
			defaultConfigurationIsVisible = 0;
			defaultConfigurationName = Release;
		};
/* End XCConfigurationList section */
	};
	rootObject = C3C6E39324AC604900051EF5 /* Project object */;
}
